
Microsoft Visual Studio Solution File, Format Version 12.00
# Visual Studio Version 16
VisualStudioVersion = 16.0.809.10
MinimumVisualStudioVersion = 10.0.40219.1
Project("{FAE04EC0-301F-11D3-BF4B-00C04F79EFBC}") = "LeRestaurant", "LeRestaurant\LeRestaurant.csproj", "{91F10954-C70F-4312-B82B-830BBE03DF81}"
EndProject
Global
	GlobalSection(SolutionConfigurationPlatforms) = preSolution
		Debug|Any CPU = Debug|Any CPU
		Release|Any CPU = Release|Any CPU
	EndGlobalSection
	GlobalSection(ProjectConfigurationPlatforms) = postSolution
		{91F10954-C70F-4312-B82B-830BBE03DF81}.Debug|Any CPU.ActiveCfg = Debug|Any CPU
		{91F10954-C70F-4312-B82B-830BBE03DF81}.Debug|Any CPU.Build.0 = Debug|Any CPU
		{91F10954-C70F-4312-B82B-830BBE03DF81}.Release|Any CPU.ActiveCfg = Release|Any CPU
		{91F10954-C70F-4312-B82B-830BBE03DF81}.Release|Any CPU.Build.0 = Release|Any CPU
	EndGlobalSection
	GlobalSection(SolutionProperties) = preSolution
		HideSolutionNode = FALSE
	EndGlobalSection
	GlobalSection(ExtensibilityGlobals) = postSolution
		SolutionGuid = {CC8ADA89-BD4C-4065-9094-E932624460B8}
	EndGlobalSection
EndGlobal
